Microsoft Visual Studio Solution File, Format Version 9.00
# Visual Studio 2005
Project("{8BC9CEB8-8B4A-11D0-8D11-00A0C91BC942}") = "COLLADA_RT_1.4", "COLLADA_RT_1.4.vcproj", "{69859B7B-2B94-4C0D-90EE-A2C5E8554BCE}"
EndProject
Project("{8BC9CEB8-8B4A-11D0-8D11-00A0C91BC942}") = "COLLADA_RT_COMMON", "COLLADA_RT_COMMON.vcproj", "{8D58D79A-59C9-4030-9824-80F531DE6B49}"
EndProject
Project("{8BC9CEB8-8B4A-11D0-8D11-00A0C91BC942}") = "COLLADA_RT_VIEWER", "COLLADA_RT_VIEWER.vcproj", "{8B0BD623-09D5-4298-BF93-FC31540CC854}"
	ProjectSection(ProjectDependencies) = postProject
		{69859B7B-2B94-4C0D-90EE-A2C5E8554BCE} = {69859B7B-2B94-4C0D-90EE-A2C5E8554BCE}
		{8D58D79A-59C9-4030-9824-80F531DE6B49} = {8D58D79A-59C9-4030-9824-80F531DE6B49}
	EndProjectSection
EndProject
Global
	GlobalSection(SolutionConfigurationPlatforms) = preSolution
		Debug|Win32 = Debug|Win32
		Release|Win32 = Release|Win32
	EndGlobalSection
	GlobalSection(ProjectConfigurationPlatforms) = postSolution
		{69859B7B-2B94-4C0D-90EE-A2C5E8554BCE}.Debug|Win32.ActiveCfg = Debug|Win32
		{69859B7B-2B94-4C0D-90EE-A2C5E8554BCE}.Debug|Win32.Build.0 = Debug|Win32
		{69859B7B-2B94-4C0D-90EE-A2C5E8554BCE}.Release|Win32.ActiveCfg = Release|Win32
		{69859B7B-2B94-4C0D-90EE-A2C5E8554BCE}.Release|Win32.Build.0 = Release|Win32
		{8D58D79A-59C9-4030-9824-80F531DE6B49}.Debug|Win32.ActiveCfg = Debug|Win32
		{8D58D79A-59C9-4030-9824-80F531DE6B49}.Debug|Win32.Build.0 = Debug|Win32
		{8D58D79A-59C9-4030-9824-80F531DE6B49}.Release|Win32.ActiveCfg = Release|Win32
		{8D58D79A-59C9-4030-9824-80F531DE6B49}.Release|Win32.Build.0 = Release|Win32
		{8B0BD623-09D5-4298-BF93-FC31540CC854}.Debug|Win32.ActiveCfg = Debug|Win32
		{8B0BD623-09D5-4298-BF93-FC31540CC854}.Debug|Win32.Build.0 = Debug|Win32
		{8B0BD623-09D5-4298-BF93-FC31540CC854}.Release|Win32.ActiveCfg = Release|Win32
		{8B0BD623-09D5-4298-BF93-FC31540CC854}.Release|Win32.Build.0 = Release|Win32
	EndGlobalSection
	GlobalSection(SolutionProperties) = preSolution
		HideSolutionNode = FALSE
	EndGlobalSection
EndGlobal
