// !$*UTF8*$!
{
	archiveVersion = 1;
	classes = {
	};
	objectVersion = 45;
	objects = {

/* Begin PBXBuildFile section */
		6DB12BAC0E19A420004FA1FD /* btAlignedAllocator.cpp in Sources */ = {isa = PBXBuildFile; fileRef = 6DB12B640E19A41F004FA1FD /* btAlignedAllocator.cpp */; };
		6DB12BAD0E19A420004FA1FD /* btAxisSweep3.cpp in Sources */ = {isa = PBXBuildFile; fileRef = 6DB12B650E19A41F004FA1FD /* btAxisSweep3.cpp */; };
		6DB12BAE0E19A420004FA1FD /* btSimpleBroadphase.cpp in Sources */ = {isa = PBXBuildFile; fileRef = 6DB12B660E19A420004FA1FD /* btSimpleBroadphase.cpp */; };
		6DB12BAF0E19A420004FA1FD /* btCollisionDispatcher.cpp in Sources */ = {isa = PBXBuildFile; fileRef = 6DB12B670E19A420004FA1FD /* btCollisionDispatcher.cpp */; };
		6DB12BB00E19A420004FA1FD /* btCollisionObject.cpp in Sources */ = {isa = PBXBuildFile; fileRef = 6DB12B680E19A420004FA1FD /* btCollisionObject.cpp */; };
		6DB12BB10E19A420004FA1FD /* btCollisionWorld.cpp in Sources */ = {isa = PBXBuildFile; fileRef = 6DB12B690E19A420004FA1FD /* btCollisionWorld.cpp */; };
		6DB12BB20E19A420004FA1FD /* btCompoundCollisionAlgorithm.cpp in Sources */ = {isa = PBXBuildFile; fileRef = 6DB12B6A0E19A420004FA1FD /* btCompoundCollisionAlgorithm.cpp */; };
		6DB12BB30E19A420004FA1FD /* btContinuousConvexCollision.cpp in Sources */ = {isa = PBXBuildFile; fileRef = 6DB12B6B0E19A420004FA1FD /* btContinuousConvexCollision.cpp */; };
		6DB12BB40E19A420004FA1FD /* btConvexCast.cpp in Sources */ = {isa = PBXBuildFile; fileRef = 6DB12B6C0E19A420004FA1FD /* btConvexCast.cpp */; };
		6DB12BB50E19A420004FA1FD /* btConvexConcaveCollisionAlgorithm.cpp in Sources */ = {isa = PBXBuildFile; fileRef = 6DB12B6D0E19A420004FA1FD /* btConvexConcaveCollisionAlgorithm.cpp */; };
		6DB12BB60E19A420004FA1FD /* btConvexConvexAlgorithm.cpp in Sources */ = {isa = PBXBuildFile; fileRef = 6DB12B6E0E19A420004FA1FD /* btConvexConvexAlgorithm.cpp */; };
		6DB12BB70E19A420004FA1FD /* btEmptyCollisionAlgorithm.cpp in Sources */ = {isa = PBXBuildFile; fileRef = 6DB12B6F0E19A420004FA1FD /* btEmptyCollisionAlgorithm.cpp */; };
		6DB12BB80E19A420004FA1FD /* btGeometryUtil.cpp in Sources */ = {isa = PBXBuildFile; fileRef = 6DB12B700E19A420004FA1FD /* btGeometryUtil.cpp */; };
		6DB12BB90E19A420004FA1FD /* btGjkConvexCast.cpp in Sources */ = {isa = PBXBuildFile; fileRef = 6DB12B710E19A420004FA1FD /* btGjkConvexCast.cpp */; };
		6DB12BBA0E19A420004FA1FD /* btGjkEpa.cpp in Sources */ = {isa = PBXBuildFile; fileRef = 6DB12B720E19A420004FA1FD /* btGjkEpa.cpp */; };
		6DB12BBB0E19A420004FA1FD /* btGjkEpaPenetrationDepthSolver.cpp in Sources */ = {isa = PBXBuildFile; fileRef = 6DB12B730E19A420004FA1FD /* btGjkEpaPenetrationDepthSolver.cpp */; };
		6DB12BBC0E19A420004FA1FD /* btGjkPairDetector.cpp in Sources */ = {isa = PBXBuildFile; fileRef = 6DB12B740E19A420004FA1FD /* btGjkPairDetector.cpp */; };
		6DB12BBD0E19A420004FA1FD /* btManifoldResult.cpp in Sources */ = {isa = PBXBuildFile; fileRef = 6DB12B750E19A420004FA1FD /* btManifoldResult.cpp */; };
		6DB12BBE0E19A420004FA1FD /* btMinkowskiPenetrationDepthSolver.cpp in Sources */ = {isa = PBXBuildFile; fileRef = 6DB12B760E19A420004FA1FD /* btMinkowskiPenetrationDepthSolver.cpp */; };
		6DB12BBF0E19A420004FA1FD /* btPersistentManifold.cpp in Sources */ = {isa = PBXBuildFile; fileRef = 6DB12B770E19A420004FA1FD /* btPersistentManifold.cpp */; };
		6DB12BC00E19A420004FA1FD /* btQuickprof.cpp in Sources */ = {isa = PBXBuildFile; fileRef = 6DB12B780E19A420004FA1FD /* btQuickprof.cpp */; };
		6DB12BC10E19A420004FA1FD /* btRaycastCallback.cpp in Sources */ = {isa = PBXBuildFile; fileRef = 6DB12B790E19A420004FA1FD /* btRaycastCallback.cpp */; };
		6DB12BC20E19A420004FA1FD /* btSimulationIslandManager.cpp in Sources */ = {isa = PBXBuildFile; fileRef = 6DB12B7A0E19A420004FA1FD /* btSimulationIslandManager.cpp */; };
		6DB12BC30E19A420004FA1FD /* btSphereBoxCollisionAlgorithm.cpp in Sources */ = {isa = PBXBuildFile; fileRef = 6DB12B7B0E19A420004FA1FD /* btSphereBoxCollisionAlgorithm.cpp */; };
		6DB12BC40E19A420004FA1FD /* btSphereSphereCollisionAlgorithm.cpp in Sources */ = {isa = PBXBuildFile; fileRef = 6DB12B7C0E19A420004FA1FD /* btSphereSphereCollisionAlgorithm.cpp */; };
		6DB12BC50E19A420004FA1FD /* btSphereTriangleCollisionAlgorithm.cpp in Sources */ = {isa = PBXBuildFile; fileRef = 6DB12B7D0E19A420004FA1FD /* btSphereTriangleCollisionAlgorithm.cpp */; };
		6DB12BC60E19A420004FA1FD /* btSubSimplexConvexCast.cpp in Sources */ = {isa = PBXBuildFile; fileRef = 6DB12B7E0E19A420004FA1FD /* btSubSimplexConvexCast.cpp */; };
		6DB12BC70E19A420004FA1FD /* btUnionFind.cpp in Sources */ = {isa = PBXBuildFile; fileRef = 6DB12B7F0E19A420004FA1FD /* btUnionFind.cpp */; };
		6DB12BC80E19A420004FA1FD /* btVoronoiSimplexSolver.cpp in Sources */ = {isa = PBXBuildFile; fileRef = 6DB12B800E19A420004FA1FD /* btVoronoiSimplexSolver.cpp */; };
		6DB12BC90E19A420004FA1FD /* SphereTriangleDetector.cpp in Sources */ = {isa = PBXBuildFile; fileRef = 6DB12B810E19A420004FA1FD /* SphereTriangleDetector.cpp */; };
		6DB12BCA0E19A420004FA1FD /* btBroadphaseProxy.cpp in Sources */ = {isa = PBXBuildFile; fileRef = 6DB12B820E19A420004FA1FD /* btBroadphaseProxy.cpp */; };
		6DB12BCB0E19A420004FA1FD /* btCollisionAlgorithm.cpp in Sources */ = {isa = PBXBuildFile; fileRef = 6DB12B830E19A420004FA1FD /* btCollisionAlgorithm.cpp */; };
		6DB12BCC0E19A420004FA1FD /* btDispatcher.cpp in Sources */ = {isa = PBXBuildFile; fileRef = 6DB12B840E19A420004FA1FD /* btDispatcher.cpp */; };
		6DB12BCD0E19A420004FA1FD /* btOverlappingPairCache.cpp in Sources */ = {isa = PBXBuildFile; fileRef = 6DB12B850E19A420004FA1FD /* btOverlappingPairCache.cpp */; };
		6DB12BCE0E19A420004FA1FD /* btBoxShape.cpp in Sources */ = {isa = PBXBuildFile; fileRef = 6DB12B860E19A420004FA1FD /* btBoxShape.cpp */; };
		6DB12BCF0E19A420004FA1FD /* btBvhTriangleMeshShape.cpp in Sources */ = {isa = PBXBuildFile; fileRef = 6DB12B870E19A420004FA1FD /* btBvhTriangleMeshShape.cpp */; };
		6DB12BD00E19A420004FA1FD /* btCapsuleShape.cpp in Sources */ = {isa = PBXBuildFile; fileRef = 6DB12B880E19A420004FA1FD /* btCapsuleShape.cpp */; };
		6DB12BD10E19A420004FA1FD /* btCollisionShape.cpp in Sources */ = {isa = PBXBuildFile; fileRef = 6DB12B890E19A420004FA1FD /* btCollisionShape.cpp */; };
		6DB12BD20E19A420004FA1FD /* btCompoundShape.cpp in Sources */ = {isa = PBXBuildFile; fileRef = 6DB12B8A0E19A420004FA1FD /* btCompoundShape.cpp */; };
		6DB12BD30E19A420004FA1FD /* btConcaveShape.cpp in Sources */ = {isa = PBXBuildFile; fileRef = 6DB12B8B0E19A420004FA1FD /* btConcaveShape.cpp */; };
		6DB12BD40E19A420004FA1FD /* btConeShape.cpp in Sources */ = {isa = PBXBuildFile; fileRef = 6DB12B8C0E19A420004FA1FD /* btConeShape.cpp */; };
		6DB12BD50E19A420004FA1FD /* btContactConstraint.cpp in Sources */ = {isa = PBXBuildFile; fileRef = 6DB12B8D0E19A420004FA1FD /* btContactConstraint.cpp */; };
		6DB12BD60E19A420004FA1FD /* btConvexHullShape.cpp in Sources */ = {isa = PBXBuildFile; fileRef = 6DB12B8E0E19A420004FA1FD /* btConvexHullShape.cpp */; };
		6DB12BD70E19A420004FA1FD /* btConvexShape.cpp in Sources */ = {isa = PBXBuildFile; fileRef = 6DB12B8F0E19A420004FA1FD /* btConvexShape.cpp */; };
		6DB12BD80E19A420004FA1FD /* btConvexTriangleMeshShape.cpp in Sources */ = {isa = PBXBuildFile; fileRef = 6DB12B900E19A420004FA1FD /* btConvexTriangleMeshShape.cpp */; };
		6DB12BD90E19A420004FA1FD /* btCylinderShape.cpp in Sources */ = {isa = PBXBuildFile; fileRef = 6DB12B910E19A420004FA1FD /* btCylinderShape.cpp */; };
		6DB12BDA0E19A420004FA1FD /* btDiscreteDynamicsWorld.cpp in Sources */ = {isa = PBXBuildFile; fileRef = 6DB12B920E19A420004FA1FD /* btDiscreteDynamicsWorld.cpp */; };
		6DB12BDB0E19A420004FA1FD /* btEmptyShape.cpp in Sources */ = {isa = PBXBuildFile; fileRef = 6DB12B930E19A420004FA1FD /* btEmptyShape.cpp */; };
		6DB12BDC0E19A420004FA1FD /* btGeneric6DofConstraint.cpp in Sources */ = {isa = PBXBuildFile; fileRef = 6DB12B940E19A420004FA1FD /* btGeneric6DofConstraint.cpp */; };
		6DB12BDD0E19A420004FA1FD /* btHeightfieldTerrainShape.cpp in Sources */ = {isa = PBXBuildFile; fileRef = 6DB12B950E19A420004FA1FD /* btHeightfieldTerrainShape.cpp */; };
		6DB12BDE0E19A420004FA1FD /* btHingeConstraint.cpp in Sources */ = {isa = PBXBuildFile; fileRef = 6DB12B960E19A420004FA1FD /* btHingeConstraint.cpp */; };
		6DB12BDF0E19A420004FA1FD /* btMinkowskiSumShape.cpp in Sources */ = {isa = PBXBuildFile; fileRef = 6DB12B970E19A420004FA1FD /* btMinkowskiSumShape.cpp */; };
		6DB12BE00E19A420004FA1FD /* btMultiSphereShape.cpp in Sources */ = {isa = PBXBuildFile; fileRef = 6DB12B980E19A420004FA1FD /* btMultiSphereShape.cpp */; };
		6DB12BE10E19A420004FA1FD /* btOptimizedBvh.cpp in Sources */ = {isa = PBXBuildFile; fileRef = 6DB12B990E19A420004FA1FD /* btOptimizedBvh.cpp */; };
		6DB12BE20E19A420004FA1FD /* btPoint2PointConstraint.cpp in Sources */ = {isa = PBXBuildFile; fileRef = 6DB12B9A0E19A420004FA1FD /* btPoint2PointConstraint.cpp */; };
		6DB12BE30E19A420004FA1FD /* btPolyhedralConvexShape.cpp in Sources */ = {isa = PBXBuildFile; fileRef = 6DB12B9B0E19A420004FA1FD /* btPolyhedralConvexShape.cpp */; };
		6DB12BE40E19A420004FA1FD /* btRaycastVehicle.cpp in Sources */ = {isa = PBXBuildFile; fileRef = 6DB12B9C0E19A420004FA1FD /* btRaycastVehicle.cpp */; };
		6DB12BE50E19A420004FA1FD /* btRigidBody.cpp in Sources */ = {isa = PBXBuildFile; fileRef = 6DB12B9D0E19A420004FA1FD /* btRigidBody.cpp */; };
		6DB12BE60E19A420004FA1FD /* btSequentialImpulseConstraintSolver.cpp in Sources */ = {isa = PBXBuildFile; fileRef = 6DB12B9E0E19A420004FA1FD /* btSequentialImpulseConstraintSolver.cpp */; };
		6DB12BE70E19A420004FA1FD /* btSimpleDynamicsWorld.cpp in Sources */ = {isa = PBXBuildFile; fileRef = 6DB12B9F0E19A420004FA1FD /* btSimpleDynamicsWorld.cpp */; };
		6DB12BE80E19A420004FA1FD /* btSolve2LinearConstraint.cpp in Sources */ = {isa = PBXBuildFile; fileRef = 6DB12BA00E19A420004FA1FD /* btSolve2LinearConstraint.cpp */; };
		6DB12BE90E19A420004FA1FD /* btSphereShape.cpp in Sources */ = {isa = PBXBuildFile; fileRef = 6DB12BA10E19A420004FA1FD /* btSphereShape.cpp */; };
		6DB12BEA0E19A420004FA1FD /* btStaticPlaneShape.cpp in Sources */ = {isa = PBXBuildFile; fileRef = 6DB12BA20E19A420004FA1FD /* btStaticPlaneShape.cpp */; };
		6DB12BEB0E19A420004FA1FD /* btStridingMeshInterface.cpp in Sources */ = {isa = PBXBuildFile; fileRef = 6DB12BA30E19A420004FA1FD /* btStridingMeshInterface.cpp */; };
		6DB12BEC0E19A420004FA1FD /* btTetrahedronShape.cpp in Sources */ = {isa = PBXBuildFile; fileRef = 6DB12BA40E19A420004FA1FD /* btTetrahedronShape.cpp */; };
		6DB12BED0E19A420004FA1FD /* btTriangleBuffer.cpp in Sources */ = {isa = PBXBuildFile; fileRef = 6DB12BA50E19A420004FA1FD /* btTriangleBuffer.cpp */; };
		6DB12BEE0E19A420004FA1FD /* btTriangleCallback.cpp in Sources */ = {isa = PBXBuildFile; fileRef = 6DB12BA60E19A420004FA1FD /* btTriangleCallback.cpp */; };
		6DB12BEF0E19A420004FA1FD /* btTriangleIndexVertexArray.cpp in Sources */ = {isa = PBXBuildFile; fileRef = 6DB12BA70E19A420004FA1FD /* btTriangleIndexVertexArray.cpp */; };
		6DB12BF00E19A420004FA1FD /* btTriangleMesh.cpp in Sources */ = {isa = PBXBuildFile; fileRef = 6DB12BA80E19A420004FA1FD /* btTriangleMesh.cpp */; };
		6DB12BF10E19A420004FA1FD /* btTriangleMeshShape.cpp in Sources */ = {isa = PBXBuildFile; fileRef = 6DB12BA90E19A420004FA1FD /* btTriangleMeshShape.cpp */; };
		6DB12BF20E19A420004FA1FD /* btTypedConstraint.cpp in Sources */ = {isa = PBXBuildFile; fileRef = 6DB12BAA0E19A420004FA1FD /* btTypedConstraint.cpp */; };
		6DB12BF30E19A420004FA1FD /* btWheelInfo.cpp in Sources */ = {isa = PBXBuildFile; fileRef = 6DB12BAB0E19A420004FA1FD /* btWheelInfo.cpp */; };
/* End PBXBuildFile section */

/* Begin PBXFileReference section */
		6DB127920E1992AB004FA1FD /* libbullet.a */ = {isa = PBXFileReference; explicitFileType = archive.ar; includeInIndex = 0; path = libbullet.a; sourceTree = BUILT_PRODUCTS_DIR; };
		6DB12B640E19A41F004FA1FD /* btAlignedAllocator.cpp */ = {isa = PBXFileReference; fileEncoding = 4; lastKnownFileType = sourcecode.cpp.cpp; name = btAlignedAllocator.cpp; path = ../../src/LinearMath/btAlignedAllocator.cpp; sourceTree = SOURCE_ROOT; };
		6DB12B650E19A41F004FA1FD /* btAxisSweep3.cpp */ = {isa = PBXFileReference; fileEncoding = 4; lastKnownFileType = sourcecode.cpp.cpp; name = btAxisSweep3.cpp; path = ../../src/BulletCollision/BroadphaseCollision/btAxisSweep3.cpp; sourceTree = SOURCE_ROOT; };
		6DB12B660E19A420004FA1FD /* btSimpleBroadphase.cpp */ = {isa = PBXFileReference; fileEncoding = 4; lastKnownFileType = sourcecode.cpp.cpp; name = btSimpleBroadphase.cpp; path = ../../src/BulletCollision/BroadphaseCollision/btSimpleBroadphase.cpp; sourceTree = SOURCE_ROOT; };
		6DB12B670E19A420004FA1FD /* btCollisionDispatcher.cpp */ = {isa = PBXFileReference; fileEncoding = 4; lastKnownFileType = sourcecode.cpp.cpp; name = btCollisionDispatcher.cpp; path = ../../src/BulletCollision/CollisionDispatch/btCollisionDispatcher.cpp; sourceTree = SOURCE_ROOT; };
		6DB12B680E19A420004FA1FD /* btCollisionObject.cpp */ = {isa = PBXFileReference; fileEncoding = 4; lastKnownFileType = sourcecode.cpp.cpp; name = btCollisionObject.cpp; path = ../../src/BulletCollision/CollisionDispatch/btCollisionObject.cpp; sourceTree = SOURCE_ROOT; };
		6DB12B690E19A420004FA1FD /* btCollisionWorld.cpp */ = {isa = PBXFileReference; fileEncoding = 4; lastKnownFileType = sourcecode.cpp.cpp; name = btCollisionWorld.cpp; path = ../../src/BulletCollision/CollisionDispatch/btCollisionWorld.cpp; sourceTree = SOURCE_ROOT; };
		6DB12B6A0E19A420004FA1FD /* btCompoundCollisionAlgorithm.cpp */ = {isa = PBXFileReference; fileEncoding = 4; lastKnownFileType = sourcecode.cpp.cpp; name = btCompoundCollisionAlgorithm.cpp; path = ../../src/BulletCollision/CollisionDispatch/btCompoundCollisionAlgorithm.cpp; sourceTree = SOURCE_ROOT; };
		6DB12B6B0E19A420004FA1FD /* btContinuousConvexCollision.cpp */ = {isa = PBXFileReference; fileEncoding = 4; lastKnownFileType = sourcecode.cpp.cpp; name = btContinuousConvexCollision.cpp; path = ../../src/BulletCollision/NarrowPhaseCollision/btContinuousConvexCollision.cpp; sourceTree = SOURCE_ROOT; };
		6DB12B6C0E19A420004FA1FD /* btConvexCast.cpp */ = {isa = PBXFileReference; fileEncoding = 4; lastKnownFileType = sourcecode.cpp.cpp; name = btConvexCast.cpp; path = ../../src/BulletCollision/NarrowPhaseCollision/btConvexCast.cpp; sourceTree = SOURCE_ROOT; };
		6DB12B6D0E19A420004FA1FD /* btConvexConcaveCollisionAlgorithm.cpp */ = {isa = PBXFileReference; fileEncoding = 4; lastKnownFileType = sourcecode.cpp.cpp; name = btConvexConcaveCollisionAlgorithm.cpp; path = ../../src/BulletCollision/CollisionDispatch/btConvexConcaveCollisionAlgorithm.cpp; sourceTree = SOURCE_ROOT; };
		6DB12B6E0E19A420004FA1FD /* btConvexConvexAlgorithm.cpp */ = {isa = PBXFileReference; fileEncoding = 4; lastKnownFileType = sourcecode.cpp.cpp; name = btConvexConvexAlgorithm.cpp; path = ../../src/BulletCollision/CollisionDispatch/btConvexConvexAlgorithm.cpp; sourceTree = SOURCE_ROOT; };
		6DB12B6F0E19A420004FA1FD /* btEmptyCollisionAlgorithm.cpp */ = {isa = PBXFileReference; fileEncoding = 4; lastKnownFileType = sourcecode.cpp.cpp; name = btEmptyCollisionAlgorithm.cpp; path = ../../src/BulletCollision/CollisionDispatch/btEmptyCollisionAlgorithm.cpp; sourceTree = SOURCE_ROOT; };
		6DB12B700E19A420004FA1FD /* btGeometryUtil.cpp */ = {isa = PBXFileReference; fileEncoding = 4; lastKnownFileType = sourcecode.cpp.cpp; name = btGeometryUtil.cpp; path = ../../src/LinearMath/btGeometryUtil.cpp; sourceTree = SOURCE_ROOT; };
		6DB12B710E19A420004FA1FD /* btGjkConvexCast.cpp */ = {isa = PBXFileReference; fileEncoding = 4; lastKnownFileType = sourcecode.cpp.cpp; name = btGjkConvexCast.cpp; path = ../../src/BulletCollision/NarrowPhaseCollision/btGjkConvexCast.cpp; sourceTree = SOURCE_ROOT; };
		6DB12B720E19A420004FA1FD /* btGjkEpa.cpp */ = {isa = PBXFileReference; fileEncoding = 4; lastKnownFileType = sourcecode.cpp.cpp; name = btGjkEpa.cpp; path = ../../src/BulletCollision/NarrowPhaseCollision/btGjkEpa.cpp; sourceTree = SOURCE_ROOT; };
		6DB12B730E19A420004FA1FD /* btGjkEpaPenetrationDepthSolver.cpp */ = {isa = PBXFileReference; fileEncoding = 4; lastKnownFileType = sourcecode.cpp.cpp; name = btGjkEpaPenetrationDepthSolver.cpp; path = ../../src/BulletCollision/NarrowPhaseCollision/btGjkEpaPenetrationDepthSolver.cpp; sourceTree = SOURCE_ROOT; };
		6DB12B740E19A420004FA1FD /* btGjkPairDetector.cpp */ = {isa = PBXFileReference; fileEncoding = 4; lastKnownFileType = sourcecode.cpp.cpp; name = btGjkPairDetector.cpp; path = ../../src/BulletCollision/NarrowPhaseCollision/btGjkPairDetector.cpp; sourceTree = SOURCE_ROOT; };
		6DB12B750E19A420004FA1FD /* btManifoldResult.cpp */ = {isa = PBXFileReference; fileEncoding = 4; lastKnownFileType = sourcecode.cpp.cpp; name = btManifoldResult.cpp; path = ../../src/BulletCollision/CollisionDispatch/btManifoldResult.cpp; sourceTree = SOURCE_ROOT; };
		6DB12B760E19A420004FA1FD /* btMinkowskiPenetrationDepthSolver.cpp */ = {isa = PBXFileReference; fileEncoding = 4; lastKnownFileType = sourcecode.cpp.cpp; name = btMinkowskiPenetrationDepthSolver.cpp; path = ../../src/BulletCollision/NarrowPhaseCollision/btMinkowskiPenetrationDepthSolver.cpp; sourceTree = SOURCE_ROOT; };
		6DB12B770E19A420004FA1FD /* btPersistentManifold.cpp */ = {isa = PBXFileReference; fileEncoding = 4; lastKnownFileType = sourcecode.cpp.cpp; name = btPersistentManifold.cpp; path = ../../src/BulletCollision/NarrowPhaseCollision/btPersistentManifold.cpp; sourceTree = SOURCE_ROOT; };
		6DB12B780E19A420004FA1FD /* btQuickprof.cpp */ = {isa = PBXFileReference; fileEncoding = 4; lastKnownFileType = sourcecode.cpp.cpp; name = btQuickprof.cpp; path = ../../src/LinearMath/btQuickprof.cpp; sourceTree = SOURCE_ROOT; };
		6DB12B790E19A420004FA1FD /* btRaycastCallback.cpp */ = {isa = PBXFileReference; fileEncoding = 4; lastKnownFileType = sourcecode.cpp.cpp; name = btRaycastCallback.cpp; path = ../../src/BulletCollision/NarrowPhaseCollision/btRaycastCallback.cpp; sourceTree = SOURCE_ROOT; };
		6DB12B7A0E19A420004FA1FD /* btSimulationIslandManager.cpp */ = {isa = PBXFileReference; fileEncoding = 4; lastKnownFileType = sourcecode.cpp.cpp; name = btSimulationIslandManager.cpp; path = ../../src/BulletCollision/CollisionDispatch/btSimulationIslandManager.cpp; sourceTree = SOURCE_ROOT; };
		6DB12B7B0E19A420004FA1FD /* btSphereBoxCollisionAlgorithm.cpp */ = {isa = PBXFileReference; fileEncoding = 4; lastKnownFileType = sourcecode.cpp.cpp; name = btSphereBoxCollisionAlgorithm.cpp; path = ../../src/BulletCollision/CollisionDispatch/btSphereBoxCollisionAlgorithm.cpp; sourceTree = SOURCE_ROOT; };
		6DB12B7C0E19A420004FA1FD /* btSphereSphereCollisionAlgorithm.cpp */ = {isa = PBXFileReference; fileEncoding = 4; lastKnownFileType = sourcecode.cpp.cpp; name = btSphereSphereCollisionAlgorithm.cpp; path = ../../src/BulletCollision/CollisionDispatch/btSphereSphereCollisionAlgorithm.cpp; sourceTree = SOURCE_ROOT; };
		6DB12B7D0E19A420004FA1FD /* btSphereTriangleCollisionAlgorithm.cpp */ = {isa = PBXFileReference; fileEncoding = 4; lastKnownFileType = sourcecode.cpp.cpp; name = btSphereTriangleCollisionAlgorithm.cpp; path = ../../src/BulletCollision/CollisionDispatch/btSphereTriangleCollisionAlgorithm.cpp; sourceTree = SOURCE_ROOT; };
		6DB12B7E0E19A420004FA1FD /* btSubSimplexConvexCast.cpp */ = {isa = PBXFileReference; fileEncoding = 4; lastKnownFileType = sourcecode.cpp.cpp; name = btSubSimplexConvexCast.cpp; path = ../../src/BulletCollision/NarrowPhaseCollision/btSubSimplexConvexCast.cpp; sourceTree = SOURCE_ROOT; };
		6DB12B7F0E19A420004FA1FD /* btUnionFind.cpp */ = {isa = PBXFileReference; fileEncoding = 4; lastKnownFileType = sourcecode.cpp.cpp; name = btUnionFind.cpp; path = ../../src/BulletCollision/CollisionDispatch/btUnionFind.cpp; sourceTree = SOURCE_ROOT; };
		6DB12B800E19A420004FA1FD /* btVoronoiSimplexSolver.cpp */ = {isa = PBXFileReference; fileEncoding = 4; lastKnownFileType = sourcecode.cpp.cpp; name = btVoronoiSimplexSolver.cpp; path = ../../src/BulletCollision/NarrowPhaseCollision/btVoronoiSimplexSolver.cpp; sourceTree = SOURCE_ROOT; };
		6DB12B810E19A420004FA1FD /* SphereTriangleDetector.cpp */ = {isa = PBXFileReference; fileEncoding = 4; lastKnownFileType = sourcecode.cpp.cpp; name = SphereTriangleDetector.cpp; path = ../../src/BulletCollision/CollisionDispatch/SphereTriangleDetector.cpp; sourceTree = SOURCE_ROOT; };
		6DB12B820E19A420004FA1FD /* btBroadphaseProxy.cpp */ = {isa = PBXFileReference; fileEncoding = 4; lastKnownFileType = sourcecode.cpp.cpp; name = btBroadphaseProxy.cpp; path = ../../src/BulletCollision/BroadphaseCollision/btBroadphaseProxy.cpp; sourceTree = SOURCE_ROOT; };
		6DB12B830E19A420004FA1FD /* btCollisionAlgorithm.cpp */ = {isa = PBXFileReference; fileEncoding = 4; lastKnownFileType = sourcecode.cpp.cpp; name = btCollisionAlgorithm.cpp; path = ../../src/BulletCollision/BroadphaseCollision/btCollisionAlgorithm.cpp; sourceTree = SOURCE_ROOT; };
		6DB12B840E19A420004FA1FD /* btDispatcher.cpp */ = {isa = PBXFileReference; fileEncoding = 4; lastKnownFileType = sourcecode.cpp.cpp; name = btDispatcher.cpp; path = ../../src/BulletCollision/BroadphaseCollision/btDispatcher.cpp; sourceTree = SOURCE_ROOT; };
		6DB12B850E19A420004FA1FD /* btOverlappingPairCache.cpp */ = {isa = PBXFileReference; fileEncoding = 4; lastKnownFileType = sourcecode.cpp.cpp; name = btOverlappingPairCache.cpp; path = ../../src/BulletCollision/BroadphaseCollision/btOverlappingPairCache.cpp; sourceTree = SOURCE_ROOT; };
		6DB12B860E19A420004FA1FD /* btBoxShape.cpp */ = {isa = PBXFileReference; fileEncoding = 4; lastKnownFileType = sourcecode.cpp.cpp; name = btBoxShape.cpp; path = ../../src/BulletCollision/CollisionShapes/btBoxShape.cpp; sourceTree = SOURCE_ROOT; };
		6DB12B870E19A420004FA1FD /* btBvhTriangleMeshShape.cpp */ = {isa = PBXFileReference; fileEncoding = 4; lastKnownFileType = sourcecode.cpp.cpp; name = btBvhTriangleMeshShape.cpp; path = ../../src/BulletCollision/CollisionShapes/btBvhTriangleMeshShape.cpp; sourceTree = SOURCE_ROOT; };
		6DB12B880E19A420004FA1FD /* btCapsuleShape.cpp */ = {isa = PBXFileReference; fileEncoding = 4; lastKnownFileType = sourcecode.cpp.cpp; name = btCapsuleShape.cpp; path = ../../src/BulletCollision/CollisionShapes/btCapsuleShape.cpp; sourceTree = SOURCE_ROOT; };
		6DB12B890E19A420004FA1FD /* btCollisionShape.cpp */ = {isa = PBXFileReference; fileEncoding = 4; lastKnownFileType = sourcecode.cpp.cpp; name = btCollisionShape.cpp; path = ../../src/BulletCollision/CollisionShapes/btCollisionShape.cpp; sourceTree = SOURCE_ROOT; };
		6DB12B8A0E19A420004FA1FD /* btCompoundShape.cpp */ = {isa = PBXFileReference; fileEncoding = 4; lastKnownFileType = sourcecode.cpp.cpp; name = btCompoundShape.cpp; path = ../../src/BulletCollision/CollisionShapes/btCompoundShape.cpp; sourceTree = SOURCE_ROOT; };
		6DB12B8B0E19A420004FA1FD /* btConcaveShape.cpp */ = {isa = PBXFileReference; fileEncoding = 4; lastKnownFileType = sourcecode.cpp.cpp; name = btConcaveShape.cpp; path = ../../src/BulletCollision/CollisionShapes/btConcaveShape.cpp; sourceTree = SOURCE_ROOT; };
		6DB12B8C0E19A420004FA1FD /* btConeShape.cpp */ = {isa = PBXFileReference; fileEncoding = 4; lastKnownFileType = sourcecode.cpp.cpp; name = btConeShape.cpp; path = ../../src/BulletCollision/CollisionShapes/btConeShape.cpp; sourceTree = SOURCE_ROOT; };
		6DB12B8D0E19A420004FA1FD /* btContactConstraint.cpp */ = {isa = PBXFileReference; fileEncoding = 4; lastKnownFileType = sourcecode.cpp.cpp; name = btContactConstraint.cpp; path = ../../src/BulletDynamics/ConstraintSolver/btContactConstraint.cpp; sourceTree = SOURCE_ROOT; };
		6DB12B8E0E19A420004FA1FD /* btConvexHullShape.cpp */ = {isa = PBXFileReference; fileEncoding = 4; lastKnownFileType = sourcecode.cpp.cpp; name = btConvexHullShape.cpp; path = ../../src/BulletCollision/CollisionShapes/btConvexHullShape.cpp; sourceTree = SOURCE_ROOT; };
		6DB12B8F0E19A420004FA1FD /* btConvexShape.cpp */ = {isa = PBXFileReference; fileEncoding = 4; lastKnownFileType = sourcecode.cpp.cpp; name = btConvexShape.cpp; path = ../../src/BulletCollision/CollisionShapes/btConvexShape.cpp; sourceTree = SOURCE_ROOT; };
		6DB12B900E19A420004FA1FD /* btConvexTriangleMeshShape.cpp */ = {isa = PBXFileReference; fileEncoding = 4; lastKnownFileType = sourcecode.cpp.cpp; name = btConvexTriangleMeshShape.cpp; path = ../../src/BulletCollision/CollisionShapes/btConvexTriangleMeshShape.cpp; sourceTree = SOURCE_ROOT; };
		6DB12B910E19A420004FA1FD /* btCylinderShape.cpp */ = {isa = PBXFileReference; fileEncoding = 4; lastKnownFileType = sourcecode.cpp.cpp; name = btCylinderShape.cpp; path = ../../src/BulletCollision/CollisionShapes/btCylinderShape.cpp; sourceTree = SOURCE_ROOT; };
		6DB12B920E19A420004FA1FD /* btDiscreteDynamicsWorld.cpp */ = {isa = PBXFileReference; fileEncoding = 4; lastKnownFileType = sourcecode.cpp.cpp; name = btDiscreteDynamicsWorld.cpp; path = ../../src/BulletDynamics/Dynamics/btDiscreteDynamicsWorld.cpp; sourceTree = SOURCE_ROOT; };
		6DB12B930E19A420004FA1FD /* btEmptyShape.cpp */ = {isa = PBXFileReference; fileEncoding = 4; lastKnownFileType = sourcecode.cpp.cpp; name = btEmptyShape.cpp; path = ../../src/BulletCollision/CollisionShapes/btEmptyShape.cpp; sourceTree = SOURCE_ROOT; };
		6DB12B940E19A420004FA1FD /* btGeneric6DofConstraint.cpp */ = {isa = PBXFileReference; fileEncoding = 4; lastKnownFileType = sourcecode.cpp.cpp; name = btGeneric6DofConstraint.cpp; path = ../../src/BulletDynamics/ConstraintSolver/btGeneric6DofConstraint.cpp; sourceTree = SOURCE_ROOT; };
		6DB12B950E19A420004FA1FD /* btHeightfieldTerrainShape.cpp */ = {isa = PBXFileReference; fileEncoding = 4; lastKnownFileType = sourcecode.cpp.cpp; name = btHeightfieldTerrainShape.cpp; path = ../../src/BulletCollision/CollisionShapes/btHeightfieldTerrainShape.cpp; sourceTree = SOURCE_ROOT; };
		6DB12B960E19A420004FA1FD /* btHingeConstraint.cpp */ = {isa = PBXFileReference; fileEncoding = 4; lastKnownFileType = sourcecode.cpp.cpp; name = btHingeConstraint.cpp; path = ../../src/BulletDynamics/ConstraintSolver/btHingeConstraint.cpp; sourceTree = SOURCE_ROOT; };
		6DB12B970E19A420004FA1FD /* btMinkowskiSumShape.cpp */ = {isa = PBXFileReference; fileEncoding = 4; lastKnownFileType = sourcecode.cpp.cpp; name = btMinkowskiSumShape.cpp; path = ../../src/BulletCollision/CollisionShapes/btMinkowskiSumShape.cpp; sourceTree = SOURCE_ROOT; };
		6DB12B980E19A420004FA1FD /* btMultiSphereShape.cpp */ = {isa = PBXFileReference; fileEncoding = 4; lastKnownFileType = sourcecode.cpp.cpp; name = btMultiSphereShape.cpp; path = ../../src/BulletCollision/CollisionShapes/btMultiSphereShape.cpp; sourceTree = SOURCE_ROOT; };
		6DB12B990E19A420004FA1FD /* btOptimizedBvh.cpp */ = {isa = PBXFileReference; fileEncoding = 4; lastKnownFileType = sourcecode.cpp.cpp; name = btOptimizedBvh.cpp; path = ../../src/BulletCollision/CollisionShapes/btOptimizedBvh.cpp; sourceTree = SOURCE_ROOT; };
		6DB12B9A0E19A420004FA1FD /* btPoint2PointConstraint.cpp */ = {isa = PBXFileReference; fileEncoding = 4; lastKnownFileType = sourcecode.cpp.cpp; name = btPoint2PointConstraint.cpp; path = ../../src/BulletDynamics/ConstraintSolver/btPoint2PointConstraint.cpp; sourceTree = SOURCE_ROOT; };
		6DB12B9B0E19A420004FA1FD /* btPolyhedralConvexShape.cpp */ = {isa = PBXFileReference; fileEncoding = 4; lastKnownFileType = sourcecode.cpp.cpp; name = btPolyhedralConvexShape.cpp; path = ../../src/BulletCollision/CollisionShapes/btPolyhedralConvexShape.cpp; sourceTree = SOURCE_ROOT; };
		6DB12B9C0E19A420004FA1FD /* btRaycastVehicle.cpp */ = {isa = PBXFileReference; fileEncoding = 4; lastKnownFileType = sourcecode.cpp.cpp; name = btRaycastVehicle.cpp; path = ../../src/BulletDynamics/Vehicle/btRaycastVehicle.cpp; sourceTree = SOURCE_ROOT; };
		6DB12B9D0E19A420004FA1FD /* btRigidBody.cpp */ = {isa = PBXFileReference; fileEncoding = 4; lastKnownFileType = sourcecode.cpp.cpp; name = btRigidBody.cpp; path = ../../src/BulletDynamics/Dynamics/btRigidBody.cpp; sourceTree = SOURCE_ROOT; };
		6DB12B9E0E19A420004FA1FD /* btSequentialImpulseConstraintSolver.cpp */ = {isa = PBXFileReference; fileEncoding = 4; lastKnownFileType = sourcecode.cpp.cpp; name = btSequentialImpulseConstraintSolver.cpp; path = ../../src/BulletDynamics/ConstraintSolver/btSequentialImpulseConstraintSolver.cpp; sourceTree = SOURCE_ROOT; };
		6DB12B9F0E19A420004FA1FD /* btSimpleDynamicsWorld.cpp */ = {isa = PBXFileReference; fileEncoding = 4; lastKnownFileType = sourcecode.cpp.cpp; name = btSimpleDynamicsWorld.cpp; path = ../../src/BulletDynamics/Dynamics/btSimpleDynamicsWorld.cpp; sourceTree = SOURCE_ROOT; };
		6DB12BA00E19A420004FA1FD /* btSolve2LinearConstraint.cpp */ = {isa = PBXFileReference; fileEncoding = 4; lastKnownFileType = sourcecode.cpp.cpp; name = btSolve2LinearConstraint.cpp; path = ../../src/BulletDynamics/ConstraintSolver/btSolve2LinearConstraint.cpp; sourceTree = SOURCE_ROOT; };
		6DB12BA10E19A420004FA1FD /* btSphereShape.cpp */ = {isa = PBXFileReference; fileEncoding = 4; lastKnownFileType = sourcecode.cpp.cpp; name = btSphereShape.cpp; path = ../../src/BulletCollision/CollisionShapes/btSphereShape.cpp; sourceTree = SOURCE_ROOT; };
		6DB12BA20E19A420004FA1FD /* btStaticPlaneShape.cpp */ = {isa = PBXFileReference; fileEncoding = 4; lastKnownFileType = sourcecode.cpp.cpp; name = btStaticPlaneShape.cpp; path = ../../src/BulletCollision/CollisionShapes/btStaticPlaneShape.cpp; sourceTree = SOURCE_ROOT; };
		6DB12BA30E19A420004FA1FD /* btStridingMeshInterface.cpp */ = {isa = PBXFileReference; fileEncoding = 4; lastKnownFileType = sourcecode.cpp.cpp; name = btStridingMeshInterface.cpp; path = ../../src/BulletCollision/CollisionShapes/btStridingMeshInterface.cpp; sourceTree = SOURCE_ROOT; };
		6DB12BA40E19A420004FA1FD /* btTetrahedronShape.cpp */ = {isa = PBXFileReference; fileEncoding = 4; lastKnownFileType = sourcecode.cpp.cpp; name = btTetrahedronShape.cpp; path = ../../src/BulletCollision/CollisionShapes/btTetrahedronShape.cpp; sourceTree = SOURCE_ROOT; };
		6DB12BA50E19A420004FA1FD /* btTriangleBuffer.cpp */ = {isa = PBXFileReference; fileEncoding = 4; lastKnownFileType = sourcecode.cpp.cpp; name = btTriangleBuffer.cpp; path = ../../src/BulletCollision/CollisionShapes/btTriangleBuffer.cpp; sourceTree = SOURCE_ROOT; };
		6DB12BA60E19A420004FA1FD /* btTriangleCallback.cpp */ = {isa = PBXFileReference; fileEncoding = 4; lastKnownFileType = sourcecode.cpp.cpp; name = btTriangleCallback.cpp; path = ../../src/BulletCollision/CollisionShapes/btTriangleCallback.cpp; sourceTree = SOURCE_ROOT; };
		6DB12BA70E19A420004FA1FD /* btTriangleIndexVertexArray.cpp */ = {isa = PBXFileReference; fileEncoding = 4; lastKnownFileType = sourcecode.cpp.cpp; name = btTriangleIndexVertexArray.cpp; path = ../../src/BulletCollision/CollisionShapes/btTriangleIndexVertexArray.cpp; sourceTree = SOURCE_ROOT; };
		6DB12BA80E19A420004FA1FD /* btTriangleMesh.cpp */ = {isa = PBXFileReference; fileEncoding = 4; lastKnownFileType = sourcecode.cpp.cpp; name = btTriangleMesh.cpp; path = ../../src/BulletCollision/CollisionShapes/btTriangleMesh.cpp; sourceTree = SOURCE_ROOT; };
		6DB12BA90E19A420004FA1FD /* btTriangleMeshShape.cpp */ = {isa = PBXFileReference; fileEncoding = 4; lastKnownFileType = sourcecode.cpp.cpp; name = btTriangleMeshShape.cpp; path = ../../src/BulletCollision/CollisionShapes/btTriangleMeshShape.cpp; sourceTree = SOURCE_ROOT; };
		6DB12BAA0E19A420004FA1FD /* btTypedConstraint.cpp */ = {isa = PBXFileReference; fileEncoding = 4; lastKnownFileType = sourcecode.cpp.cpp; name = btTypedConstraint.cpp; path = ../../src/BulletDynamics/ConstraintSolver/btTypedConstraint.cpp; sourceTree = SOURCE_ROOT; };
		6DB12BAB0E19A420004FA1FD /* btWheelInfo.cpp */ = {isa = PBXFileReference; fileEncoding = 4; lastKnownFileType = sourcecode.cpp.cpp; name = btWheelInfo.cpp; path = ../../src/BulletDynamics/Vehicle/btWheelInfo.cpp; sourceTree = SOURCE_ROOT; };
/* End PBXFileReference section */

/* Begin PBXFrameworksBuildPhase section */
		6DB127900E1992AB004FA1FD /* Frameworks */ = {
			isa = PBXFrameworksBuildPhase;
			buildActionMask = 2147483647;
			files = (
			);
			runOnlyForDeploymentPostprocessing = 0;
		};
/* End PBXFrameworksBuildPhase section */

/* Begin PBXGroup section */
		08FB7794FE84155DC02AAC07 /* bullet */ = {
			isa = PBXGroup;
			children = (
				6DB12B640E19A41F004FA1FD /* btAlignedAllocator.cpp */,
				6DB12B650E19A41F004FA1FD /* btAxisSweep3.cpp */,
				6DB12B660E19A420004FA1FD /* btSimpleBroadphase.cpp */,
				6DB12B670E19A420004FA1FD /* btCollisionDispatcher.cpp */,
				6DB12B680E19A420004FA1FD /* btCollisionObject.cpp */,
				6DB12B690E19A420004FA1FD /* btCollisionWorld.cpp */,
				6DB12B6A0E19A420004FA1FD /* btCompoundCollisionAlgorithm.cpp */,
				6DB12B6B0E19A420004FA1FD /* btContinuousConvexCollision.cpp */,
				6DB12B6C0E19A420004FA1FD /* btConvexCast.cpp */,
				6DB12B6D0E19A420004FA1FD /* btConvexConcaveCollisionAlgorithm.cpp */,
				6DB12B6E0E19A420004FA1FD /* btConvexConvexAlgorithm.cpp */,
				6DB12B6F0E19A420004FA1FD /* btEmptyCollisionAlgorithm.cpp */,
				6DB12B700E19A420004FA1FD /* btGeometryUtil.cpp */,
				6DB12B710E19A420004FA1FD /* btGjkConvexCast.cpp */,
				6DB12B720E19A420004FA1FD /* btGjkEpa.cpp */,
				6DB12B730E19A420004FA1FD /* btGjkEpaPenetrationDepthSolver.cpp */,
				6DB12B740E19A420004FA1FD /* btGjkPairDetector.cpp */,
				6DB12B750E19A420004FA1FD /* btManifoldResult.cpp */,
				6DB12B760E19A420004FA1FD /* btMinkowskiPenetrationDepthSolver.cpp */,
				6DB12B770E19A420004FA1FD /* btPersistentManifold.cpp */,
				6DB12B780E19A420004FA1FD /* btQuickprof.cpp */,
				6DB12B790E19A420004FA1FD /* btRaycastCallback.cpp */,
				6DB12B7A0E19A420004FA1FD /* btSimulationIslandManager.cpp */,
				6DB12B7B0E19A420004FA1FD /* btSphereBoxCollisionAlgorithm.cpp */,
				6DB12B7C0E19A420004FA1FD /* btSphereSphereCollisionAlgorithm.cpp */,
				6DB12B7D0E19A420004FA1FD /* btSphereTriangleCollisionAlgorithm.cpp */,
				6DB12B7E0E19A420004FA1FD /* btSubSimplexConvexCast.cpp */,
				6DB12B7F0E19A420004FA1FD /* btUnionFind.cpp */,
				6DB12B800E19A420004FA1FD /* btVoronoiSimplexSolver.cpp */,
				6DB12B810E19A420004FA1FD /* SphereTriangleDetector.cpp */,
				6DB12B820E19A420004FA1FD /* btBroadphaseProxy.cpp */,
				6DB12B830E19A420004FA1FD /* btCollisionAlgorithm.cpp */,
				6DB12B840E19A420004FA1FD /* btDispatcher.cpp */,
				6DB12B850E19A420004FA1FD /* btOverlappingPairCache.cpp */,
				6DB12B860E19A420004FA1FD /* btBoxShape.cpp */,
				6DB12B870E19A420004FA1FD /* btBvhTriangleMeshShape.cpp */,
				6DB12B880E19A420004FA1FD /* btCapsuleShape.cpp */,
				6DB12B890E19A420004FA1FD /* btCollisionShape.cpp */,
				6DB12B8A0E19A420004FA1FD /* btCompoundShape.cpp */,
				6DB12B8B0E19A420004FA1FD /* btConcaveShape.cpp */,
				6DB12B8C0E19A420004FA1FD /* btConeShape.cpp */,
				6DB12B8D0E19A420004FA1FD /* btContactConstraint.cpp */,
				6DB12B8E0E19A420004FA1FD /* btConvexHullShape.cpp */,
				6DB12B8F0E19A420004FA1FD /* btConvexShape.cpp */,
				6DB12B900E19A420004FA1FD /* btConvexTriangleMeshShape.cpp */,
				6DB12B910E19A420004FA1FD /* btCylinderShape.cpp */,
				6DB12B920E19A420004FA1FD /* btDiscreteDynamicsWorld.cpp */,
				6DB12B930E19A420004FA1FD /* btEmptyShape.cpp */,
				6DB12B940E19A420004FA1FD /* btGeneric6DofConstraint.cpp */,
				6DB12B950E19A420004FA1FD /* btHeightfieldTerrainShape.cpp */,
				6DB12B960E19A420004FA1FD /* btHingeConstraint.cpp */,
				6DB12B970E19A420004FA1FD /* btMinkowskiSumShape.cpp */,
				6DB12B980E19A420004FA1FD /* btMultiSphereShape.cpp */,
				6DB12B990E19A420004FA1FD /* btOptimizedBvh.cpp */,
				6DB12B9A0E19A420004FA1FD /* btPoint2PointConstraint.cpp */,
				6DB12B9B0E19A420004FA1FD /* btPolyhedralConvexShape.cpp */,
				6DB12B9C0E19A420004FA1FD /* btRaycastVehicle.cpp */,
				6DB12B9D0E19A420004FA1FD /* btRigidBody.cpp */,
				6DB12B9E0E19A420004FA1FD /* btSequentialImpulseConstraintSolver.cpp */,
				6DB12B9F0E19A420004FA1FD /* btSimpleDynamicsWorld.cpp */,
				6DB12BA00E19A420004FA1FD /* btSolve2LinearConstraint.cpp */,
				6DB12BA10E19A420004FA1FD /* btSphereShape.cpp */,
				6DB12BA20E19A420004FA1FD /* btStaticPlaneShape.cpp */,
				6DB12BA30E19A420004FA1FD /* btStridingMeshInterface.cpp */,
				6DB12BA40E19A420004FA1FD /* btTetrahedronShape.cpp */,
				6DB12BA50E19A420004FA1FD /* btTriangleBuffer.cpp */,
				6DB12BA60E19A420004FA1FD /* btTriangleCallback.cpp */,
				6DB12BA70E19A420004FA1FD /* btTriangleIndexVertexArray.cpp */,
				6DB12BA80E19A420004FA1FD /* btTriangleMesh.cpp */,
				6DB12BA90E19A420004FA1FD /* btTriangleMeshShape.cpp */,
				6DB12BAA0E19A420004FA1FD /* btTypedConstraint.cpp */,
				6DB12BAB0E19A420004FA1FD /* btWheelInfo.cpp */,
				C6859E8C029090F304C91782 /* Documentation */,
				1AB674ADFE9D54B511CA2CBB /* Products */,
			);
			name = bullet;
			sourceTree = "<group>";
		};
		1AB674ADFE9D54B511CA2CBB /* Products */ = {
			isa = PBXGroup;
			children = (
				6DB127920E1992AB004FA1FD /* libbullet.a */,
			);
			name = Products;
			sourceTree = "<group>";
		};
		C6859E8C029090F304C91782 /* Documentation */ = {
			isa = PBXGroup;
			children = (
			);
			name = Documentation;
			sourceTree = "<group>";
		};
/* End PBXGroup section */

/* Begin PBXHeadersBuildPhase section */
		6DB1278E0E1992AB004FA1FD /* Headers */ = {
			isa = PBXHeadersBuildPhase;
			buildActionMask = 2147483647;
			files = (
			);
			runOnlyForDeploymentPostprocessing = 0;
		};
/* End PBXHeadersBuildPhase section */

/* Begin PBXNativeTarget section */
		6DB127910E1992AB004FA1FD /* bullet */ = {
			isa = PBXNativeTarget;
			buildConfigurationList = 6DB127950E1992B4004FA1FD /* Build configuration list for PBXNativeTarget "bullet" */;
			buildPhases = (
				6DB1278E0E1992AB004FA1FD /* Headers */,
				6DB1278F0E1992AB004FA1FD /* Sources */,
				6DB127900E1992AB004FA1FD /* Frameworks */,
			);
			buildRules = (
			);
			dependencies = (
			);
			name = bullet;
			productName = bullet;
			productReference = 6DB127920E1992AB004FA1FD /* libbullet.a */;
			productType = "com.apple.product-type.library.static";
		};
/* End PBXNativeTarget section */

/* Begin PBXProject section */
		08FB7793FE84155DC02AAC07 /* Project object */ = {
			isa = PBXProject;
			buildConfigurationList = 1DEB923508733DC60010E9CD /* Build configuration list for PBXProject "bullet" */;
			compatibilityVersion = "Xcode 3.1";
			hasScannedForEncodings = 1;
			mainGroup = 08FB7794FE84155DC02AAC07 /* bullet */;
			projectDirPath = "";
			projectRoot = "";
			targets = (
				6DB127910E1992AB004FA1FD /* bullet */,
			);
		};
/* End PBXProject section */

/* Begin PBXSourcesBuildPhase section */
		6DB1278F0E1992AB004FA1FD /* Sources */ = {
			isa = PBXSourcesBuildPhase;
			buildActionMask = 2147483647;
			files = (
				6DB12BAC0E19A420004FA1FD /* btAlignedAllocator.cpp in Sources */,
				6DB12BAD0E19A420004FA1FD /* btAxisSweep3.cpp in Sources */,
				6DB12BAE0E19A420004FA1FD /* btSimpleBroadphase.cpp in Sources */,
				6DB12BAF0E19A420004FA1FD /* btCollisionDispatcher.cpp in Sources */,
				6DB12BB00E19A420004FA1FD /* btCollisionObject.cpp in Sources */,
				6DB12BB10E19A420004FA1FD /* btCollisionWorld.cpp in Sources */,
				6DB12BB20E19A420004FA1FD /* btCompoundCollisionAlgorithm.cpp in Sources */,
				6DB12BB30E19A420004FA1FD /* btContinuousConvexCollision.cpp in Sources */,
				6DB12BB40E19A420004FA1FD /* btConvexCast.cpp in Sources */,
				6DB12BB50E19A420004FA1FD /* btConvexConcaveCollisionAlgorithm.cpp in Sources */,
				6DB12BB60E19A420004FA1FD /* btConvexConvexAlgorithm.cpp in Sources */,
				6DB12BB70E19A420004FA1FD /* btEmptyCollisionAlgorithm.cpp in Sources */,
				6DB12BB80E19A420004FA1FD /* btGeometryUtil.cpp in Sources */,
				6DB12BB90E19A420004FA1FD /* btGjkConvexCast.cpp in Sources */,
				6DB12BBA0E19A420004FA1FD /* btGjkEpa.cpp in Sources */,
				6DB12BBB0E19A420004FA1FD /* btGjkEpaPenetrationDepthSolver.cpp in Sources */,
				6DB12BBC0E19A420004FA1FD /* btGjkPairDetector.cpp in Sources */,
				6DB12BBD0E19A420004FA1FD /* btManifoldResult.cpp in Sources */,
				6DB12BBE0E19A420004FA1FD /* btMinkowskiPenetrationDepthSolver.cpp in Sources */,
				6DB12BBF0E19A420004FA1FD /* btPersistentManifold.cpp in Sources */,
				6DB12BC00E19A420004FA1FD /* btQuickprof.cpp in Sources */,
				6DB12BC10E19A420004FA1FD /* btRaycastCallback.cpp in Sources */,
				6DB12BC20E19A420004FA1FD /* btSimulationIslandManager.cpp in Sources */,
				6DB12BC30E19A420004FA1FD /* btSphereBoxCollisionAlgorithm.cpp in Sources */,
				6DB12BC40E19A420004FA1FD /* btSphereSphereCollisionAlgorithm.cpp in Sources */,
				6DB12BC50E19A420004FA1FD /* btSphereTriangleCollisionAlgorithm.cpp in Sources */,
				6DB12BC60E19A420004FA1FD /* btSubSimplexConvexCast.cpp in Sources */,
				6DB12BC70E19A420004FA1FD /* btUnionFind.cpp in Sources */,
				6DB12BC80E19A420004FA1FD /* btVoronoiSimplexSolver.cpp in Sources */,
				6DB12BC90E19A420004FA1FD /* SphereTriangleDetector.cpp in Sources */,
				6DB12BCA0E19A420004FA1FD /* btBroadphaseProxy.cpp in Sources */,
				6DB12BCB0E19A420004FA1FD /* btCollisionAlgorithm.cpp in Sources */,
				6DB12BCC0E19A420004FA1FD /* btDispatcher.cpp in Sources */,
				6DB12BCD0E19A420004FA1FD /* btOverlappingPairCache.cpp in Sources */,
				6DB12BCE0E19A420004FA1FD /* btBoxShape.cpp in Sources */,
				6DB12BCF0E19A420004FA1FD /* btBvhTriangleMeshShape.cpp in Sources */,
				6DB12BD00E19A420004FA1FD /* btCapsuleShape.cpp in Sources */,
				6DB12BD10E19A420004FA1FD /* btCollisionShape.cpp in Sources */,
				6DB12BD20E19A420004FA1FD /* btCompoundShape.cpp in Sources */,
				6DB12BD30E19A420004FA1FD /* btConcaveShape.cpp in Sources */,
				6DB12BD40E19A420004FA1FD /* btConeShape.cpp in Sources */,
				6DB12BD50E19A420004FA1FD /* btContactConstraint.cpp in Sources */,
				6DB12BD60E19A420004FA1FD /* btConvexHullShape.cpp in Sources */,
				6DB12BD70E19A420004FA1FD /* btConvexShape.cpp in Sources */,
				6DB12BD80E19A420004FA1FD /* btConvexTriangleMeshShape.cpp in Sources */,
				6DB12BD90E19A420004FA1FD /* btCylinderShape.cpp in Sources */,
				6DB12BDA0E19A420004FA1FD /* btDiscreteDynamicsWorld.cpp in Sources */,
				6DB12BDB0E19A420004FA1FD /* btEmptyShape.cpp in Sources */,
				6DB12BDC0E19A420004FA1FD /* btGeneric6DofConstraint.cpp in Sources */,
				6DB12BDD0E19A420004FA1FD /* btHeightfieldTerrainShape.cpp in Sources */,
				6DB12BDE0E19A420004FA1FD /* btHingeConstraint.cpp in Sources */,
				6DB12BDF0E19A420004FA1FD /* btMinkowskiSumShape.cpp in Sources */,
				6DB12BE00E19A420004FA1FD /* btMultiSphereShape.cpp in Sources */,
				6DB12BE10E19A420004FA1FD /* btOptimizedBvh.cpp in Sources */,
				6DB12BE20E19A420004FA1FD /* btPoint2PointConstraint.cpp in Sources */,
				6DB12BE30E19A420004FA1FD /* btPolyhedralConvexShape.cpp in Sources */,
				6DB12BE40E19A420004FA1FD /* btRaycastVehicle.cpp in Sources */,
				6DB12BE50E19A420004FA1FD /* btRigidBody.cpp in Sources */,
				6DB12BE60E19A420004FA1FD /* btSequentialImpulseConstraintSolver.cpp in Sources */,
				6DB12BE70E19A420004FA1FD /* btSimpleDynamicsWorld.cpp in Sources */,
				6DB12BE80E19A420004FA1FD /* btSolve2LinearConstraint.cpp in Sources */,
				6DB12BE90E19A420004FA1FD /* btSphereShape.cpp in Sources */,
				6DB12BEA0E19A420004FA1FD /* btStaticPlaneShape.cpp in Sources */,
				6DB12BEB0E19A420004FA1FD /* btStridingMeshInterface.cpp in Sources */,
				6DB12BEC0E19A420004FA1FD /* btTetrahedronShape.cpp in Sources */,
				6DB12BED0E19A420004FA1FD /* btTriangleBuffer.cpp in Sources */,
				6DB12BEE0E19A420004FA1FD /* btTriangleCallback.cpp in Sources */,
				6DB12BEF0E19A420004FA1FD /* btTriangleIndexVertexArray.cpp in Sources */,
				6DB12BF00E19A420004FA1FD /* btTriangleMesh.cpp in Sources */,
				6DB12BF10E19A420004FA1FD /* btTriangleMeshShape.cpp in Sources */,
				6DB12BF20E19A420004FA1FD /* btTypedConstraint.cpp in Sources */,
				6DB12BF30E19A420004FA1FD /* btWheelInfo.cpp in Sources */,
			);
			runOnlyForDeploymentPostprocessing = 0;
		};
/* End PBXSourcesBuildPhase section */

/* Begin XCBuildConfiguration section */
		1DEB923608733DC60010E9CD /* Debug */ = {
			isa = XCBuildConfiguration;
			buildSettings = {
				ARCHS = "$(ARCHS_STANDARD_32_BIT)";
				GCC_C_LANGUAGE_STANDARD = c99;
				GCC_OPTIMIZATION_LEVEL = 0;
				GCC_WARN_ABOUT_RETURN_TYPE = YES;
				GCC_WARN_UNUSED_VARIABLE = YES;
				HEADER_SEARCH_PATHS = "\"$(SRCROOT)/../../src\"/**";
				ONLY_ACTIVE_ARCH = YES;
				PREBINDING = NO;
				SDKROOT = macosx10.5;
			};
			name = Debug;
		};
		1DEB923708733DC60010E9CD /* Release */ = {
			isa = XCBuildConfiguration;
			buildSettings = {
				ALWAYS_SEARCH_USER_PATHS = YES;
				ARCHS = "$(ARCHS_STANDARD_32_BIT)";
				GCC_C_LANGUAGE_STANDARD = c99;
				GCC_WARN_ABOUT_RETURN_TYPE = YES;
				GCC_WARN_UNUSED_VARIABLE = YES;
				HEADER_SEARCH_PATHS = "\"$(SRCROOT)/../../src\"/**";
				PREBINDING = NO;
				SDKROOT = macosx10.5;
			};
			name = Release;
		};
		6DB127930E1992AB004FA1FD /* Debug */ = {
			isa = XCBuildConfiguration;
			buildSettings = {
				ALWAYS_SEARCH_USER_PATHS = NO;
				COPY_PHASE_STRIP = NO;
				GCC_DYNAMIC_NO_PIC = NO;
				GCC_ENABLE_FIX_AND_CONTINUE = YES;
				GCC_MODEL_TUNING = G5;
				GCC_OPTIMIZATION_LEVEL = 0;
				INSTALL_PATH = /usr/local/lib;
				PREBINDING = NO;
				PRODUCT_NAME = bullet;
			};
			name = Debug;
		};
		6DB127940E1992AB004FA1FD /* Release */ = {
			isa = XCBuildConfiguration;
			buildSettings = {
				ALWAYS_SEARCH_USER_PATHS = NO;
				COPY_PHASE_STRIP = YES;
				DEBUG_INFORMATION_FORMAT = "dwarf-with-dsym";
				GCC_ENABLE_FIX_AND_CONTINUE = NO;
				GCC_MODEL_TUNING = G5;
				INSTALL_PATH = /usr/local/lib;
				PREBINDING = NO;
				PRODUCT_NAME = bullet;
				ZERO_LINK = NO;
			};
			name = Release;
		};
/* End XCBuildConfiguration section */

/* Begin XCConfigurationList section */
		1DEB923508733DC60010E9CD /* Build configuration list for PBXProject "bullet" */ = {
			isa = XCConfigurationList;
			buildConfigurations = (
				1DEB923608733DC60010E9CD /* Debug */,
				1DEB923708733DC60010E9CD /* Release */,
			);
			defaultConfigurationIsVisible = 0;
			defaultConfigurationName = Release;
		};
		6DB127950E1992B4004FA1FD /* Build configuration list for PBXNativeTarget "bullet" */ = {
			isa = XCConfigurationList;
			buildConfigurations = (
				6DB127930E1992AB004FA1FD /* Debug */,
				6DB127940E1992AB004FA1FD /* Release */,
			);
			defaultConfigurationIsVisible = 0;
			defaultConfigurationName = Release;
		};
/* End XCConfigurationList section */
	};
	rootObject = 08FB7793FE84155DC02AAC07 /* Project object */;
}
